{
  "version": "2",
  "packages": {
    "specifiers": {
      "npm:commandkit": "npm:commandkit@0.1.6_discord.js@14.13.0",
      "npm:croner": "npm:croner@7.0.4",
      "npm:discord.js": "npm:discord.js@14.13.0",
      "npm:moment": "npm:moment@2.29.4",
      "npm:mongoose@latest": "npm:mongoose@8.0.0",
      "npm:term-logger": "npm:term-logger@1.2.2",
      "npm:term-logger@latest": "npm:term-logger@1.2.2"
    },
    "npm": {
      "@discordjs/builders@1.6.5": {
        "integrity": "sha512-SdweyCs/+mHj+PNhGLLle7RrRFX9ZAhzynHahMCLqp5Zeq7np7XC6/mgzHc79QoVlQ1zZtOkTTiJpOZu5V8Ufg==",
        "dependencies": {
          "@discordjs/formatters": "@discordjs/formatters@0.3.2",
          "@discordjs/util": "@discordjs/util@1.0.1",
          "@sapphire/shapeshift": "@sapphire/shapeshift@3.9.3",
          "discord-api-types": "discord-api-types@0.37.50",
          "fast-deep-equal": "fast-deep-equal@3.1.3",
          "ts-mixer": "ts-mixer@6.0.3",
          "tslib": "tslib@2.6.2"
        }
      },
      "@discordjs/collection@1.5.3": {
        "integrity": "sha512-SVb428OMd3WO1paV3rm6tSjM4wC+Kecaa1EUGX7vc6/fddvw/6lg90z4QtCqm21zvVe92vMMDt9+DkIvjXImQQ==",
        "dependencies": {}
      },
      "@discordjs/formatters@0.3.2": {
        "integrity": "sha512-lE++JZK8LSSDRM5nLjhuvWhGuKiXqu+JZ/DsOR89DVVia3z9fdCJVcHF2W/1Zxgq0re7kCzmAJlCMMX3tetKpA==",
        "dependencies": {
          "discord-api-types": "discord-api-types@0.37.50"
        }
      },
      "@discordjs/rest@2.0.1": {
        "integrity": "sha512-/eWAdDRvwX/rIE2tuQUmKaxmWeHmGealttIzGzlYfI4+a7y9b6ZoMp8BG/jaohs8D8iEnCNYaZiOFLVFLQb8Zg==",
        "dependencies": {
          "@discordjs/collection": "@discordjs/collection@1.5.3",
          "@discordjs/util": "@discordjs/util@1.0.1",
          "@sapphire/async-queue": "@sapphire/async-queue@1.5.0",
          "@sapphire/snowflake": "@sapphire/snowflake@3.5.1",
          "@vladfrangu/async_event_emitter": "@vladfrangu/async_event_emitter@2.2.2",
          "discord-api-types": "discord-api-types@0.37.50",
          "magic-bytes.js": "magic-bytes.js@1.5.0",
          "tslib": "tslib@2.6.2",
          "undici": "undici@5.22.1"
        }
      },
      "@discordjs/util@1.0.1": {
        "integrity": "sha512-d0N2yCxB8r4bn00/hvFZwM7goDcUhtViC5un4hPj73Ba4yrChLSJD8fy7Ps5jpTLg1fE9n4K0xBLc1y9WGwSsA==",
        "dependencies": {}
      },
      "@discordjs/ws@1.0.1": {
        "integrity": "sha512-avvAolBqN3yrSvdBPcJ/0j2g42ABzrv3PEL76e3YTp2WYMGH7cuspkjfSyNWaqYl1J+669dlLp+YFMxSVQyS5g==",
        "dependencies": {
          "@discordjs/collection": "@discordjs/collection@1.5.3",
          "@discordjs/rest": "@discordjs/rest@2.0.1",
          "@discordjs/util": "@discordjs/util@1.0.1",
          "@sapphire/async-queue": "@sapphire/async-queue@1.5.0",
          "@types/ws": "@types/ws@8.5.8",
          "@vladfrangu/async_event_emitter": "@vladfrangu/async_event_emitter@2.2.2",
          "discord-api-types": "discord-api-types@0.37.50",
          "tslib": "tslib@2.6.2",
          "ws": "ws@8.14.2"
        }
      },
      "@mongodb-js/saslprep@1.1.1": {
        "integrity": "sha512-t7c5K033joZZMspnHg/gWPE4kandgc2OxE74aYOtGKfgB9VPuVJPix0H6fhmm2erj5PBJ21mqcx34lpIGtUCsQ==",
        "dependencies": {
          "sparse-bitfield": "sparse-bitfield@3.0.3"
        }
      },
      "@sapphire/async-queue@1.5.0": {
        "integrity": "sha512-JkLdIsP8fPAdh9ZZjrbHWR/+mZj0wvKS5ICibcLrRI1j84UmLMshx5n9QmL8b95d4onJ2xxiyugTgSAX7AalmA==",
        "dependencies": {}
      },
      "@sapphire/shapeshift@3.9.3": {
        "integrity": "sha512-WzKJSwDYloSkHoBbE8rkRW8UNKJiSRJ/P8NqJ5iVq7U2Yr/kriIBx2hW+wj2Z5e5EnXL1hgYomgaFsdK6b+zqQ==",
        "dependencies": {
          "fast-deep-equal": "fast-deep-equal@3.1.3",
          "lodash": "lodash@4.17.21"
        }
      },
      "@sapphire/snowflake@3.5.1": {
        "integrity": "sha512-BxcYGzgEsdlG0dKAyOm0ehLGm2CafIrfQTZGWgkfKYbj+pNNsorZ7EotuZukc2MT70E0UbppVbtpBrqpzVzjNA==",
        "dependencies": {}
      },
      "@types/node@18.16.19": {
        "integrity": "sha512-IXl7o+R9iti9eBW4Wg2hx1xQDig183jj7YLn8F7udNceyfkbn1ZxmzZXuak20gR40D7pIkIY1kYGx5VIGbaHKA==",
        "dependencies": {}
      },
      "@types/webidl-conversions@7.0.2": {
        "integrity": "sha512-uNv6b/uGRLlCVmelat2rA8bcVd3k/42mV2EmjhPh6JLkd35T5bgwR/t6xy7a9MWhd9sixIeBUzhBenvk3NO+DQ==",
        "dependencies": {}
      },
      "@types/whatwg-url@8.2.2": {
        "integrity": "sha512-FtQu10RWgn3D9U4aazdwIE2yzphmTJREDqNdODHrbrZmmMqI0vMheC/6NE/J1Yveaj8H+ela+YwWTjq5PGmuhA==",
        "dependencies": {
          "@types/node": "@types/node@18.16.19",
          "@types/webidl-conversions": "@types/webidl-conversions@7.0.2"
        }
      },
      "@types/ws@8.5.8": {
        "integrity": "sha512-flUksGIQCnJd6sZ1l5dqCEG/ksaoAg/eUwiLAGTJQcfgvZJKF++Ta4bJA6A5aPSJmsr+xlseHn4KLgVlNnvPTg==",
        "dependencies": {
          "@types/node": "@types/node@18.16.19"
        }
      },
      "@vladfrangu/async_event_emitter@2.2.2": {
        "integrity": "sha512-HIzRG7sy88UZjBJamssEczH5q7t5+axva19UbZLO6u0ySbYPrwzWiXBcC0WuHyhKKoeCyneH+FvYzKQq/zTtkQ==",
        "dependencies": {}
      },
      "bson@6.2.0": {
        "integrity": "sha512-ID1cI+7bazPDyL9wYy9GaQ8gEEohWvcUl/Yf0dIdutJxnmInEEyCsb4awy/OiBfall7zBA179Pahi3vCdFze3Q==",
        "dependencies": {}
      },
      "busboy@1.6.0": {
        "integrity": "sha512-8SFQbg/0hQ9xy3UNTB0YEnsNBbWfhf7RtnzpL7TkBiTBRfrQ9Fxcnz7VJsleJpyp6rVLvXiuORqjlHi5q+PYuA==",
        "dependencies": {
          "streamsearch": "streamsearch@1.1.0"
        }
      },
      "colors@1.4.0": {
        "integrity": "sha512-a+UqTh4kgZg/SlGvfbzDHpgRu7AAQOmmqRHJnxhRZICKFUT91brVhNNt58CMWU9PsBbv3PDCZUHbVxuDiH2mtA==",
        "dependencies": {}
      },
      "commandkit@0.1.6_discord.js@14.13.0": {
        "integrity": "sha512-Srea7+lDkHi2IXBZhlSvi8K6T2Dju8WmoGV7+BNYobTyzSa5gEr7F60fRLGxpa7qkdTc+pKN7NEJFs0OfaL1rg==",
        "dependencies": {
          "discord.js": "discord.js@14.13.0",
          "rfdc": "rfdc@1.3.0"
        }
      },
      "croner@7.0.4": {
        "integrity": "sha512-P8Zd88km8oQ0xH8Es0u75GtOnFyCNopuAhlFv5kAnbcTuXd0xNvRTgnxnJEs63FicCOsHTL7rpu4BHzY3cMq4w==",
        "dependencies": {}
      },
      "debug@4.3.4": {
        "integrity": "sha512-PRWFHuSU3eDtQJPvnNY7Jcket1j0t5OuOsFzPPzsekD52Zl8qUfFIPEiswXqIvHWGVHOgX+7G/vCNNhehwxfkQ==",
        "dependencies": {
          "ms": "ms@2.1.2"
        }
      },
      "discord-api-types@0.37.50": {
        "integrity": "sha512-X4CDiMnDbA3s3RaUXWXmgAIbY1uxab3fqe3qwzg5XutR3wjqi7M3IkgQbsIBzpqBN2YWr/Qdv7JrFRqSgb4TFg==",
        "dependencies": {}
      },
      "discord.js@14.13.0": {
        "integrity": "sha512-Kufdvg7fpyTEwANGy9x7i4od4yu5c6gVddGi5CKm4Y5a6sF0VBODObI3o0Bh7TGCj0LfNT8Qp8z04wnLFzgnbA==",
        "dependencies": {
          "@discordjs/builders": "@discordjs/builders@1.6.5",
          "@discordjs/collection": "@discordjs/collection@1.5.3",
          "@discordjs/formatters": "@discordjs/formatters@0.3.2",
          "@discordjs/rest": "@discordjs/rest@2.0.1",
          "@discordjs/util": "@discordjs/util@1.0.1",
          "@discordjs/ws": "@discordjs/ws@1.0.1",
          "@sapphire/snowflake": "@sapphire/snowflake@3.5.1",
          "@types/ws": "@types/ws@8.5.8",
          "discord-api-types": "discord-api-types@0.37.50",
          "fast-deep-equal": "fast-deep-equal@3.1.3",
          "lodash.snakecase": "lodash.snakecase@4.1.1",
          "tslib": "tslib@2.6.2",
          "undici": "undici@5.22.1",
          "ws": "ws@8.14.2"
        }
      },
      "fast-deep-equal@3.1.3": {
        "integrity": "sha512-f3qQ9oQy9j2AhBe/H9VC91wLmKBCCU/gDOnKNAYG5hswO7BLKj09Hc5HYNz9cGI++xlpDCIgDaitVs03ATR84Q==",
        "dependencies": {}
      },
      "kareem@2.5.1": {
        "integrity": "sha512-7jFxRVm+jD+rkq3kY0iZDJfsO2/t4BBPeEb2qKn2lR/9KhuksYk5hxzfRYWMPV8P/x2d0kHD306YyWLzjjH+uA==",
        "dependencies": {}
      },
      "lodash.snakecase@4.1.1": {
        "integrity": "sha512-QZ1d4xoBHYUeuouhEq3lk3Uq7ldgyFXGBhg04+oRLnIz8o9T65Eh+8YdroUwn846zchkA9yDsDl5CVVaV2nqYw==",
        "dependencies": {}
      },
      "lodash@4.17.21": {
        "integrity": "sha512-v2kDEe57lecTulaDIuNTPy3Ry4gLGJ6Z1O3vE1krgXZNrsQ+LFTGHVxVjcXPs17LhbZVGedAJv8XZ1tvj5FvSg==",
        "dependencies": {}
      },
      "magic-bytes.js@1.5.0": {
        "integrity": "sha512-wJkXvutRbNWcc37tt5j1HyOK1nosspdh3dj6LUYYAvF6JYNqs53IfRvK9oEpcwiDA1NdoIi64yAMfdivPeVAyw==",
        "dependencies": {}
      },
      "memory-pager@1.5.0": {
        "integrity": "sha512-ZS4Bp4r/Zoeq6+NLJpP+0Zzm0pR8whtGPf1XExKLJBAczGMnSi3It14OiNCStjQjM6NU1okjQGSxgEZN8eBYKg==",
        "dependencies": {}
      },
      "moment@2.29.4": {
        "integrity": "sha512-5LC9SOxjSc2HF6vO2CyuTDNivEdoz2IvyJJGj6X8DJ0eFyfszE0QiEd+iXmBvUP3WHxSjFH/vIsA0EN00cgr8w==",
        "dependencies": {}
      },
      "mongodb-connection-string-url@2.6.0": {
        "integrity": "sha512-WvTZlI9ab0QYtTYnuMLgobULWhokRjtC7db9LtcVfJ+Hsnyr5eo6ZtNAt3Ly24XZScGMelOcGtm7lSn0332tPQ==",
        "dependencies": {
          "@types/whatwg-url": "@types/whatwg-url@8.2.2",
          "whatwg-url": "whatwg-url@11.0.0"
        }
      },
      "mongodb@6.2.0": {
        "integrity": "sha512-d7OSuGjGWDZ5usZPqfvb36laQ9CPhnWkAGHT61x5P95p/8nMVeH8asloMwW6GcYFeB0Vj4CB/1wOTDG2RA9BFA==",
        "dependencies": {
          "@mongodb-js/saslprep": "@mongodb-js/saslprep@1.1.1",
          "bson": "bson@6.2.0",
          "mongodb-connection-string-url": "mongodb-connection-string-url@2.6.0"
        }
      },
      "mongoose@8.0.0": {
        "integrity": "sha512-PzwkLgm1Jhj0NQdgGfnFsu0QP9V1sBFgbavEgh/IPAUzKAagzvEhuaBuAQOQGjczVWnpIU9tBqyd02cOTgsPlA==",
        "dependencies": {
          "bson": "bson@6.2.0",
          "kareem": "kareem@2.5.1",
          "mongodb": "mongodb@6.2.0",
          "mpath": "mpath@0.9.0",
          "mquery": "mquery@5.0.0",
          "ms": "ms@2.1.3",
          "sift": "sift@16.0.1"
        }
      },
      "mpath@0.9.0": {
        "integrity": "sha512-ikJRQTk8hw5DEoFVxHG1Gn9T/xcjtdnOKIU1JTmGjZZlg9LST2mBLmcX3/ICIbgJydT2GOc15RnNy5mHmzfSew==",
        "dependencies": {}
      },
      "mquery@5.0.0": {
        "integrity": "sha512-iQMncpmEK8R8ncT8HJGsGc9Dsp8xcgYMVSbs5jgnm1lFHTZqMJTUWTDx1LBO8+mK3tPNZWFLBghQEIOULSTHZg==",
        "dependencies": {
          "debug": "debug@4.3.4"
        }
      },
      "ms@2.1.2": {
        "integrity": "sha512-sGkPx+VjMtmA6MX27oA4FBFELFCZZ4S4XqeGOXCv68tT+jb3vk/RyaKWP0PTKyWtmLSM0b+adUTEvbs1PEaH2w==",
        "dependencies": {}
      },
      "ms@2.1.3": {
        "integrity": "sha512-6FlzubTLZG3J2a/NVCAleEhjzq5oxgHyaCU9yYXvcLsvoVaHJq/s5xXI6/XXP6tz7R9xAOtHnSO/tXtF3WRTlA==",
        "dependencies": {}
      },
      "punycode@2.3.1": {
        "integrity": "sha512-vYt7UD1U9Wg6138shLtLOvdAu+8DsC/ilFtEVHcH+wydcSpNE20AfSOduf6MkRFahL5FY7X1oU7nKVZFtfq8Fg==",
        "dependencies": {}
      },
      "rfdc@1.3.0": {
        "integrity": "sha512-V2hovdzFbOi77/WajaSMXk2OLm+xNIeQdMMuB7icj7bk6zi2F8GGAxigcnDFpJHbNyNcgyJDiP+8nOrY5cZGrA==",
        "dependencies": {}
      },
      "sift@16.0.1": {
        "integrity": "sha512-Wv6BjQ5zbhW7VFefWusVP33T/EM0vYikCaQ2qR8yULbsilAT8/wQaXvuQ3ptGLpoKx+lihJE3y2UTgKDyyNHZQ==",
        "dependencies": {}
      },
      "sparse-bitfield@3.0.3": {
        "integrity": "sha512-kvzhi7vqKTfkh0PZU+2D2PIllw2ymqJKujUcyPMd9Y75Nv4nPbGJZXNhxsgdQab2BmlDct1YnfQCguEvHr7VsQ==",
        "dependencies": {
          "memory-pager": "memory-pager@1.5.0"
        }
      },
      "streamsearch@1.1.0": {
        "integrity": "sha512-Mcc5wHehp9aXz1ax6bZUyY5afg9u2rv5cqQI3mRrYkGC8rW2hM02jWuwjtL++LS5qinSyhj2QfLyNsuc+VsExg==",
        "dependencies": {}
      },
      "term-logger@1.2.2": {
        "integrity": "sha512-3gBAUgdxZgRUm1Jsw8wmMeHfy0VQKQIaCE//L9LT6mVFD5Uq8HmSh3oLjN282PozELWieZ58bXxpe1aMsaenWA==",
        "dependencies": {
          "colors": "colors@1.4.0"
        }
      },
      "tr46@3.0.0": {
        "integrity": "sha512-l7FvfAHlcmulp8kr+flpQZmVwtu7nfRV7NZujtN0OqES8EL4O4e0qqzL0DC5gAvx/ZC/9lk6rhcUwYvkBnBnYA==",
        "dependencies": {
          "punycode": "punycode@2.3.1"
        }
      },
      "ts-mixer@6.0.3": {
        "integrity": "sha512-k43M7uCG1AkTyxgnmI5MPwKoUvS/bRvLvUb7+Pgpdlmok8AoqmUaZxUUw8zKM5B1lqZrt41GjYgnvAi0fppqgQ==",
        "dependencies": {}
      },
      "tslib@2.6.2": {
        "integrity": "sha512-AEYxH93jGFPn/a2iVAwW87VuUIkR1FVUKB77NwMF7nBTDkDrrT/Hpt/IrCJ0QXhW27jTBDcf5ZY7w6RiqTMw2Q==",
        "dependencies": {}
      },
      "undici@5.22.1": {
        "integrity": "sha512-Ji2IJhFXZY0x/0tVBXeQwgPlLWw13GVzpsWPQ3rV50IFMMof2I55PZZxtm4P6iNq+L5znYN9nSTAq0ZyE6lSJw==",
        "dependencies": {
          "busboy": "busboy@1.6.0"
        }
      },
      "webidl-conversions@7.0.0": {
        "integrity": "sha512-VwddBukDzu71offAQR975unBIGqfKZpM+8ZX6ySk8nYhVoo5CYaZyzt3YBvYtRtO+aoGlqxPg/B87NGVZ/fu6g==",
        "dependencies": {}
      },
      "whatwg-url@11.0.0": {
        "integrity": "sha512-RKT8HExMpoYx4igMiVMY83lN6UeITKJlBQ+vR/8ZJ8OCdSiN3RwCq+9gH0+Xzj0+5IrM6i4j/6LuvzbZIQgEcQ==",
        "dependencies": {
          "tr46": "tr46@3.0.0",
          "webidl-conversions": "webidl-conversions@7.0.0"
        }
      },
      "ws@8.14.2": {
        "integrity": "sha512-wEBG1ftX4jcglPxgFCMJmZ2PLtSbJ2Peg6TmpJFTbe9GZYOQCDPdMYu/Tm0/bGZkw8paZnJY45J4K2PZrLYq8g==",
        "dependencies": {}
      }
    }
  },
  "remote": {
    "https://deno.land/std@0.205.0/dotenv/load.ts": "0636983549b98f29ab75c9a22a42d9723f0a389ece5498fe971e7bb2556a12e2",
    "https://deno.land/std@0.205.0/dotenv/mod.ts": "039468f5c87d39b69d7ca6c3d68ebca82f206ec0ff5e011d48205eea292ea5a6"
  }
}
